// !$*UTF8*$!
{
	archiveVersion = 1;
	classes = {
	};
	objectVersion = 48;
	objects = {

/* Begin PBXBuildFile section */
		FFF1151F205D0A5F00D4C00F /* AppDelegate.swift in Sources */ = {isa = PBXBuildFile; fileRef = FFF1151E205D0A5F00D4C00F /* AppDelegate.swift */; };
		FFF11521205D0A5F00D4C00F /* ViewController.swift in Sources */ = {isa = PBXBuildFile; fileRef = FFF11520205D0A5F00D4C00F /* ViewController.swift */; };
		FFF11524205D0A5F00D4C00F /* Main.storyboard in Resources */ = {isa = PBXBuildFile; fileRef = FFF11522205D0A5F00D4C00F /* Main.storyboard */; };
		FFF11527205D0A5F00D4C00F /* CommuteManager.xcdatamodeld in Sources */ = {isa = PBXBuildFile; fileRef = FFF11525205D0A5F00D4C00F /* CommuteManager.xcdatamodeld */; };
		FFF11529205D0A5F00D4C00F /* Assets.xcassets in Resources */ = {isa = PBXBuildFile; fileRef = FFF11528205D0A5F00D4C00F /* Assets.xcassets */; };
		FFF1152C205D0A5F00D4C00F /* LaunchScreen.storyboard in Resources */ = {isa = PBXBuildFile; fileRef = FFF1152A205D0A5F00D4C00F /* LaunchScreen.storyboard */; };
/* End PBXBuildFile section */

/* Begin PBXFileReference section */
		FFF1151B205D0A5F00D4C00F /* CommuteManager.app */ = {isa = PBXFileReference; explicitFileType = wrapper.application; includeInIndex = 0; path = CommuteManager.app; sourceTree = BUILT_PRODUCTS_DIR; };
		FFF1151E205D0A5F00D4C00F /* AppDelegate.swift */ = {isa = PBXFileReference; lastKnownFileType = sourcecode.swift; path = AppDelegate.swift; sourceTree = "<group>"; };
		FFF11520205D0A5F00D4C00F /* ViewController.swift */ = {isa = PBXFileReference; lastKnownFileType = sourcecode.swift; path = ViewController.swift; sourceTree = "<group>"; };
		FFF11523205D0A5F00D4C00F /* Base */ = {isa = PBXFileReference; lastKnownFileType = file.storyboard; name = Base; path = Base.lproj/Main.storyboard; sourceTree = "<group>"; };
		FFF11526205D0A5F00D4C00F /* CommuteManager.xcdatamodel */ = {isa = PBXFileReference; lastKnownFileType = wrapper.xcdatamodel; path = CommuteManager.xcdatamodel; sourceTree = "<group>"; };
		FFF11528205D0A5F00D4C00F /* Assets.xcassets */ = {isa = PBXFileReference; lastKnownFileType = folder.assetcatalog; path = Assets.xcassets; sourceTree = "<group>"; };
		FFF1152B205D0A5F00D4C00F /* Base */ = {isa = PBXFileReference; lastKnownFileType = file.storyboard; name = Base; path = Base.lproj/LaunchScreen.storyboard; sourceTree = "<group>"; };
		FFF1152D205D0A5F00D4C00F /* Info.plist */ = {isa = PBXFileReference; lastKnownFileType = text.plist.xml; path = Info.plist; sourceTree = "<group>"; };
/* End PBXFileReference section */

/* Begin PBXFrameworksBuildPhase section */
		FFF11518205D0A5F00D4C00F /* Frameworks */ = {
			isa = PBXFrameworksBuildPhase;
			buildActionMask = 2147483647;
			files = (
			);
			runOnlyForDeploymentPostprocessing = 0;
		};
/* End PBXFrameworksBuildPhase section */

/* Begin PBXGroup section */
		FFF11512205D0A5F00D4C00F = {
			isa = PBXGroup;
			children = (
				FFF1151D205D0A5F00D4C00F /* CommuteManager */,
				FFF1151C205D0A5F00D4C00F /* Products */,
			);
			sourceTree = "<group>";
		};
		FFF1151C205D0A5F00D4C00F /* Products */ = {
			isa = PBXGroup;
			children = (
				FFF1151B205D0A5F00D4C00F /* CommuteManager.app */,
			);
			name = Products;
			sourceTree = "<group>";
		};
		FFF1151D205D0A5F00D4C00F /* CommuteManager */ = {
			isa = PBXGroup;
			children = (
				FFF1151E205D0A5F00D4C00F /* AppDelegate.swift */,
				FFF11520205D0A5F00D4C00F /* ViewController.swift */,
				FFF11522205D0A5F00D4C00F /* Main.storyboard */,
				FFF11528205D0A5F00D4C00F /* Assets.xcassets */,
				FFF1152A205D0A5F00D4C00F /* LaunchScreen.storyboard */,
				FFF1152D205D0A5F00D4C00F /* Info.plist */,
				FFF11525205D0A5F00D4C00F /* CommuteManager.xcdatamodeld */,
			);
			path = CommuteManager;
			sourceTree = "<group>";
		};
/* End PBXGroup section */

/* Begin PBXNativeTarget section */
		FFF1151A205D0A5F00D4C00F /* CommuteManager */ = {
			isa = PBXNativeTarget;
			buildConfigurationList = FFF11530205D0A5F00D4C00F /* Build configuration list for PBXNativeTarget "CommuteManager" */;
			buildPhases = (
				FFF11517205D0A5F00D4C00F /* Sources */,
				FFF11518205D0A5F00D4C00F /* Frameworks */,
				FFF11519205D0A5F00D4C00F /* Resources */,
			);
			buildRules = (
			);
			dependencies = (
			);
			name = CommuteManager;
			productName = CommuteManager;
			productReference = FFF1151B205D0A5F00D4C00F /* CommuteManager.app */;
			productType = "com.apple.product-type.application";
		};
/* End PBXNativeTarget section */

/* Begin PBXProject section */
		FFF11513205D0A5F00D4C00F /* Project object */ = {
			isa = PBXProject;
			attributes = {
				LastSwiftUpdateCheck = 0920;
				LastUpgradeCheck = 0920;
				ORGANIZATIONNAME = "정준영";
				TargetAttributes = {
					FFF1151A205D0A5F00D4C00F = {
						CreatedOnToolsVersion = 9.2;
						ProvisioningStyle = Automatic;
					};
				};
			};
			buildConfigurationList = FFF11516205D0A5F00D4C00F /* Build configuration list for PBXProject "CommuteManager" */;
			compatibilityVersion = "Xcode 8.0";
			developmentRegion = en;
			hasScannedForEncodings = 0;
			knownRegions = (
				en,
				Base,
			);
			mainGroup = FFF11512205D0A5F00D4C00F;
			productRefGroup = FFF1151C205D0A5F00D4C00F /* Products */;
			projectDirPath = "";
			projectRoot = "";
			targets = (
				FFF1151A205D0A5F00D4C00F /* CommuteManager */,
			);
		};
/* End PBXProject section */

/* Begin PBXResourcesBuildPhase section */
		FFF11519205D0A5F00D4C00F /* Resources */ = {
			isa = PBXResourcesBuildPhase;
			buildActionMask = 2147483647;
			files = (
				FFF1152C205D0A5F00D4C00F /* LaunchScreen.storyboard in Resources */,
				FFF11529205D0A5F00D4C00F /* Assets.xcassets in Resources */,
				FFF11524205D0A5F00D4C00F /* Main.storyboard in Resources */,
			);
			runOnlyForDeploymentPostprocessing = 0;
		};
/* End PBXResourcesBuildPhase section */

/* Begin PBXSourcesBuildPhase section */
		FFF11517205D0A5F00D4C00F /* Sources */ = {
			isa = PBXSourcesBuildPhase;
			buildActionMask = 2147483647;
			files = (
				FFF11527205D0A5F00D4C00F /* CommuteManager.xcdatamodeld in Sources */,
				FFF11521205D0A5F00D4C00F /* ViewController.swift in Sources */,
				FFF1151F205D0A5F00D4C00F /* AppDelegate.swift in Sources */,
			);
			runOnlyForDeploymentPostprocessing = 0;
		};
/* End PBXSourcesBuildPhase section */

/* Begin PBXVariantGroup section */
		FFF11522205D0A5F00D4C00F /* Main.storyboard */ = {
			isa = PBXVariantGroup;
			children = (
				FFF11523205D0A5F00D4C00F /* Base */,
			);
			name = Main.storyboard;
			sourceTree = "<group>";
		};
		FFF1152A205D0A5F00D4C00F /* LaunchScreen.storyboard */ = {
			isa = PBXVariantGroup;
			children = (
				FFF1152B205D0A5F00D4C00F /* Base */,
			);
			name = LaunchScreen.storyboard;
			sourceTree = "<group>";
		};
/* End PBXVariantGroup section */

/* Begin XCBuildConfiguration section */
		FFF1152E205D0A5F00D4C00F /* Debug */ = {
			isa = XCBuildConfiguration;
			buildSettings = {
				ALWAYS_SEARCH_USER_PATHS = NO;
				CLANG_ANALYZER_NONNULL = YES;
				CLANG_ANALYZER_NUMBER_OBJECT_CONVERSION = YES_AGGRESSIVE;
				CLANG_CXX_LANGUAGE_STANDARD = "gnu++14";
				CLANG_CXX_LIBRARY = "libc++";
				CLANG_ENABLE_MODULES = YES;
				CLANG_ENABLE_OBJC_ARC = YES;
				CLANG_WARN_BLOCK_CAPTURE_AUTORELEASING = YES;
				CLANG_WARN_BOOL_CONVERSION = YES;
				CLANG_WARN_COMMA = YES;
				CLANG_WARN_CONSTANT_CONVERSION = YES;
				CLANG_WARN_DIRECT_OBJC_ISA_USAGE = YES_ERROR;
				CLANG_WARN_DOCUMENTATION_COMMENTS = YES;
				CLANG_WARN_EMPTY_BODY = YES;
				CLANG_WARN_ENUM_CONVERSION = YES;
				CLANG_WARN_INFINITE_RECURSION = YES;
				CLANG_WARN_INT_CONVERSION = YES;
				CLANG_WARN_NON_LITERAL_NULL_CONVERSION = YES;
				CLANG_WARN_OBJC_LITERAL_CONVERSION = YES;
				CLANG_WARN_OBJC_ROOT_CLASS = YES_ERROR;
				CLANG_WARN_RANGE_LOOP_ANALYSIS = YES;
				CLANG_WARN_STRICT_PROTOTYPES = YES;
				CLANG_WARN_SUSPICIOUS_MOVE = YES;
				CLANG_WARN_UNGUARDED_AVAILABILITY = YES_AGGRESSIVE;
				CLANG_WARN_UNREACHABLE_CODE = YES;
				CLANG_WARN__DUPLICATE_METHOD_MATCH = YES;
				CODE_SIGN_IDENTITY = "iPhone Developer";
				COPY_PHASE_STRIP = NO;
				DEBUG_INFORMATION_FORMAT = dwarf;
				ENABLE_STRICT_OBJC_MSGSEND = YES;
				ENABLE_TESTABILITY = YES;
				GCC_C_LANGUAGE_STANDARD = gnu11;
				GCC_DYNAMIC_NO_PIC = NO;
				GCC_NO_COMMON_BLOCKS = YES;
				GCC_OPTIMIZATION_LEVEL = 0;
				GCC_PREPROCESSOR_DEFINITIONS = (
					"DEBUG=1",
					"$(inherited)",
				);
				GCC_WARN_64_TO_32_BIT_CONVERSION = YES;
				GCC_WARN_ABOUT_RETURN_TYPE = YES_ERROR;
				GCC_WARN_UNDECLARED_SELECTOR = YES;
				GCC_WARN_UNINITIALIZED_AUTOS = YES_AGGRESSIVE;
				GCC_WARN_UNUSED_FUNCTION = YES;
				GCC_WARN_UNUSED_VARIABLE = YES;
				IPHONEOS_DEPLOYMENT_TARGET = 11.2;
				MTL_ENABLE_DEBUG_INFO = YES;
				ONLY_ACTIVE_ARCH = YES;
				SDKROOT = iphoneos;
				SWIFT_ACTIVE_COMPILATION_CONDITIONS = DEBUG;
				SWIFT_OPTIMIZATION_LEVEL = "-Onone";
			};
			name = Debug;
		};
		FFF1152F205D0A5F00D4C00F /* Release */ = {
			isa = XCBuildConfiguration;
			buildSettings = {
				ALWAYS_SEARCH_USER_PATHS = NO;
				CLANG_ANALYZER_NONNULL = YES;
				CLANG_ANALYZER_NUMBER_OBJECT_CONVERSION = YES_AGGRESSIVE;
				CLANG_CXX_LANGUAGE_STANDARD = "gnu++14";
				CLANG_CXX_LIBRARY = "libc++";
				CLANG_ENABLE_MODULES = YES;
				CLANG_ENABLE_OBJC_ARC = YES;
				CLANG_WARN_BLOCK_CAPTURE_AUTORELEASING = YES;
				CLANG_WARN_BOOL_CONVERSION = YES;
				CLANG_WARN_COMMA = YES;
				CLANG_WARN_CONSTANT_CONVERSION = YES;
				CLANG_WARN_DIRECT_OBJC_ISA_USAGE = YES_ERROR;
				CLANG_WARN_DOCUMENTATION_COMMENTS = YES;
				CLANG_WARN_EMPTY_BODY = YES;
				CLANG_WARN_ENUM_CONVERSION = YES;
				CLANG_WARN_INFINITE_RECURSION = YES;
				CLANG_WARN_INT_CONVERSION = YES;
				CLANG_WARN_NON_LITERAL_NULL_CONVERSION = YES;
				CLANG_WARN_OBJC_LITERAL_CONVERSION = YES;
				CLANG_WARN_OBJC_ROOT_CLASS = YES_ERROR;
				CLANG_WARN_RANGE_LOOP_ANALYSIS = YES;
				CLANG_WARN_STRICT_PROTOTYPES = YES;
				CLANG_WARN_SUSPICIOUS_MOVE = YES;
				CLANG_WARN_UNGUARDED_AVAILABILITY = YES_AGGRESSIVE;
				CLANG_WARN_UNREACHABLE_CODE = YES;
				CLANG_WARN__DUPLICATE_METHOD_MATCH = YES;
				CODE_SIGN_IDENTITY = "iPhone Developer";
				COPY_PHASE_STRIP = NO;
				DEBUG_INFORMATION_FORMAT = "dwarf-with-dsym";
				ENABLE_NS_ASSERTIONS = NO;
				ENABLE_STRICT_OBJC_MSGSEND = YES;
				GCC_C_LANGUAGE_STANDARD = gnu11;
				GCC_NO_COMMON_BLOCKS = YES;
				GCC_WARN_64_TO_32_BIT_CONVERSION = YES;
				GCC_WARN_ABOUT_RETURN_TYPE = YES_ERROR;
				GCC_WARN_UNDECLARED_SELECTOR = YES;
				GCC_WARN_UNINITIALIZED_AUTOS = YES_AGGRESSIVE;
				GCC_WARN_UNUSED_FUNCTION = YES;
				GCC_WARN_UNUSED_VARIABLE = YES;
				IPHONEOS_DEPLOYMENT_TARGET = 11.2;
				MTL_ENABLE_DEBUG_INFO = NO;
				SDKROOT = iphoneos;
				SWIFT_OPTIMIZATION_LEVEL = "-Owholemodule";
				VALIDATE_PRODUCT = YES;
			};
			name = Release;
		};
		FFF11531205D0A5F00D4C00F /* Debug */ = {
			isa = XCBuildConfiguration;
			buildSettings = {
				ASSETCATALOG_COMPILER_APPICON_NAME = AppIcon;
				CODE_SIGN_STYLE = Automatic;
				DEVELOPMENT_TEAM = X86F5NLMBY;
				INFOPLIST_FILE = CommuteManager/Info.plist;
				LD_RUNPATH_SEARCH_PATHS = "$(inherited) @executable_path/Frameworks";
				PRODUCT_BUNDLE_IDENTIFIER = com.creator2jy.CommuteManager;
				PRODUCT_NAME = "$(TARGET_NAME)";
				SWIFT_VERSION = 4.0;
				TARGETED_DEVICE_FAMILY = "1,2";
			};
			name = Debug;
		};
		FFF11532205D0A5F00D4C00F /* Release */ = {
			isa = XCBuildConfiguration;
			buildSettings = {
				ASSETCATALOG_COMPILER_APPICON_NAME = AppIcon;
				CODE_SIGN_STYLE = Automatic;
				DEVELOPMENT_TEAM = X86F5NLMBY;
				INFOPLIST_FILE = CommuteManager/Info.plist;
				LD_RUNPATH_SEARCH_PATHS = "$(inherited) @executable_path/Frameworks";
				PRODUCT_BUNDLE_IDENTIFIER = com.creator2jy.CommuteManager;
				PRODUCT_NAME = "$(TARGET_NAME)";
				SWIFT_VERSION = 4.0;
				TARGETED_DEVICE_FAMILY = "1,2";
			};
			name = Release;
		};
/* End XCBuildConfiguration section */

/* Begin XCConfigurationList section */
		FFF11516205D0A5F00D4C00F /* Build configuration list for PBXProject "CommuteManager" */ = {
			isa = XCConfigurationList;
			buildConfigurations = (
				FFF1152E205D0A5F00D4C00F /* Debug */,
				FFF1152F205D0A5F00D4C00F /* Release */,
			);
			defaultConfigurationIsVisible = 0;
			defaultConfigurationName = Release;
		};
		FFF11530205D0A5F00D4C00F /* Build configuration list for PBXNativeTarget "CommuteManager" */ = {
			isa = XCConfigurationList;
			buildConfigurations = (
				FFF11531205D0A5F00D4C00F /* Debug */,
				FFF11532205D0A5F00D4C00F /* Release */,
			);
			defaultConfigurationIsVisible = 0;
			defaultConfigurationName = Release;
		};
/* End XCConfigurationList section */

/* Begin XCVersionGroup section */
		FFF11525205D0A5F00D4C00F /* CommuteManager.xcdatamodeld */ = {
			isa = XCVersionGroup;
			children = (
				FFF11526205D0A5F00D4C00F /* CommuteManager.xcdatamodel */,
			);
			currentVersion = FFF11526205D0A5F00D4C00F /* CommuteManager.xcdatamodel */;
			path = CommuteManager.xcdatamodeld;
			sourceTree = "<group>";
			versionGroupType = wrapper.xcdatamodel;
		};
/* End XCVersionGroup section */
	};
	rootObject = FFF11513205D0A5F00D4C00F /* Project object */;
}
